Microsoft Visual Studio Solution File, Format Version 12.00
# Visual Studio Version 17
VisualStudioVersion = 17.0.32112.339
MinimumVisualStudioVersion = 10.0.40219.1
Project("{2150E333-8FDC-42A3-9474-1A3956D46DE8}") = "src", "src", "{4A925250-CB80-4530-A60F-3F28037F13FD}"
EndProject
Project("{2150E333-8FDC-42A3-9474-1A3956D46DE8}") = "examples", "examples", "{B89D4B90-20BE-42B9-BEF5-00C9423B73A1}"
EndProject
Project("{9A19103F-16F7-4668-BE54-9A1E7A4F7556}") = "WebJobs.Extensions.Ftp", "src\WebJobs.Extensions.Ftp\WebJobs.Extensions.Ftp.csproj", "{18D57220-B5C3-49E8-A758-EF8E8C65F681}"
EndProject
Project("{9A19103F-16F7-4668-BE54-9A1E7A4F7556}") = "Bindings.Sample.Ftp", "examples\Bindings.Sample.Ftp\Bindings.Sample.Ftp.csproj", "{9D49B43D-AF6E-4685-A6AE-A4B70BC52000}"
EndProject
Project("{9A19103F-16F7-4668-BE54-9A1E7A4F7556}") = "Trigger.Sample.Ftp", "examples\Trigger.Sample.Ftp\Trigger.Sample.Ftp.csproj", "{CB53BC0E-9A72-4208-B1D0-75D6C60DAED3}"
EndProject
Project("{2150E333-8FDC-42A3-9474-1A3956D46DE8}") = "Solution Items", "Solution Items", "{A0801AC7-D3C2-40B4-9A86-D40E2D032F11}"
	ProjectSection(SolutionItems) = preProject
		.editorconfig = .editorconfig
		Directory.Build.props = Directory.Build.props
		Generate-ReleaseNotes.bat = Generate-ReleaseNotes.bat
		PackageReleaseNotes.template = PackageReleaseNotes.template
		PackageReleaseNotes.txt = PackageReleaseNotes.txt
		README.md = README.md
		ReleaseNotes.md = ReleaseNotes.md
		version.xml = version.xml
	EndProjectSection
EndProject
Project("{9A19103F-16F7-4668-BE54-9A1E7A4F7556}") = "WebJobs.Extensions.Ftp4", "src\WebJobs.Extensions.Ftp4\WebJobs.Extensions.Ftp4.csproj", "{DC826E1F-54DD-433E-896F-35F75EDE1B86}"
EndProject
Project("{9A19103F-16F7-4668-BE54-9A1E7A4F7556}") = "AzureFunctionFtpExample", "examples\AzureFunctionExample\AzureFunctionFtpExample.csproj", "{E27EBE0F-0D59-47F2-81CC-9AB425ED4B5F}"
EndProject
Project("{2150E333-8FDC-42A3-9474-1A3956D46DE8}") = "doc", "doc", "{BE2249DB-5C6E-4E48-8C86-C8C472B96B08}"
	ProjectSection(SolutionItems) = preProject
		doc\part1.md = doc\part1.md
		doc\part2.md = doc\part2.md
	EndProjectSection
EndProject
Project("{FAE04EC0-301F-11D3-BF4B-00C04F79EFBC}") = "WebJob.Trigger.Sample.Ftp", "examples\WebJob.Trigger.Sample.Ftp\WebJob.Trigger.Sample.Ftp.csproj", "{966BDFCC-1FE6-4072-B786-35FE52CEE6F2}"
EndProject
Global
	GlobalSection(SolutionConfigurationPlatforms) = preSolution
		Debug|Any CPU = Debug|Any CPU
		Release|Any CPU = Release|Any CPU
	EndGlobalSection
	GlobalSection(ProjectConfigurationPlatforms) = postSolution
		{18D57220-B5C3-49E8-A758-EF8E8C65F681}.Debug|Any CPU.ActiveCfg = Debug|Any CPU
		{18D57220-B5C3-49E8-A758-EF8E8C65F681}.Debug|Any CPU.Build.0 = Debug|Any CPU
		{18D57220-B5C3-49E8-A758-EF8E8C65F681}.Release|Any CPU.ActiveCfg = Release|Any CPU
		{18D57220-B5C3-49E8-A758-EF8E8C65F681}.Release|Any CPU.Build.0 = Release|Any CPU
		{9D49B43D-AF6E-4685-A6AE-A4B70BC52000}.Debug|Any CPU.ActiveCfg = Debug|Any CPU
		{9D49B43D-AF6E-4685-A6AE-A4B70BC52000}.Debug|Any CPU.Build.0 = Debug|Any CPU
		{9D49B43D-AF6E-4685-A6AE-A4B70BC52000}.Release|Any CPU.ActiveCfg = Release|Any CPU
		{9D49B43D-AF6E-4685-A6AE-A4B70BC52000}.Release|Any CPU.Build.0 = Release|Any CPU
		{CB53BC0E-9A72-4208-B1D0-75D6C60DAED3}.Debug|Any CPU.ActiveCfg = Debug|Any CPU
		{CB53BC0E-9A72-4208-B1D0-75D6C60DAED3}.Debug|Any CPU.Build.0 = Debug|Any CPU
		{CB53BC0E-9A72-4208-B1D0-75D6C60DAED3}.Release|Any CPU.ActiveCfg = Release|Any CPU
		{CB53BC0E-9A72-4208-B1D0-75D6C60DAED3}.Release|Any CPU.Build.0 = Release|Any CPU
		{DC826E1F-54DD-433E-896F-35F75EDE1B86}.Debug|Any CPU.ActiveCfg = Debug|Any CPU
		{DC826E1F-54DD-433E-896F-35F75EDE1B86}.Debug|Any CPU.Build.0 = Debug|Any CPU
		{DC826E1F-54DD-433E-896F-35F75EDE1B86}.Release|Any CPU.ActiveCfg = Release|Any CPU
		{DC826E1F-54DD-433E-896F-35F75EDE1B86}.Release|Any CPU.Build.0 = Release|Any CPU
		{E27EBE0F-0D59-47F2-81CC-9AB425ED4B5F}.Debug|Any CPU.ActiveCfg = Debug|Any CPU
		{E27EBE0F-0D59-47F2-81CC-9AB425ED4B5F}.Debug|Any CPU.Build.0 = Debug|Any CPU
		{E27EBE0F-0D59-47F2-81CC-9AB425ED4B5F}.Release|Any CPU.ActiveCfg = Release|Any CPU
		{E27EBE0F-0D59-47F2-81CC-9AB425ED4B5F}.Release|Any CPU.Build.0 = Release|Any CPU
		{966BDFCC-1FE6-4072-B786-35FE52CEE6F2}.Debug|Any CPU.ActiveCfg = Debug|Any CPU
		{966BDFCC-1FE6-4072-B786-35FE52CEE6F2}.Debug|Any CPU.Build.0 = Debug|Any CPU
		{966BDFCC-1FE6-4072-B786-35FE52CEE6F2}.Release|Any CPU.ActiveCfg = Release|Any CPU
		{966BDFCC-1FE6-4072-B786-35FE52CEE6F2}.Release|Any CPU.Build.0 = Release|Any CPU
	EndGlobalSection
	GlobalSection(SolutionProperties) = preSolution
		HideSolutionNode = FALSE
	EndGlobalSection
	GlobalSection(NestedProjects) = preSolution
		{18D57220-B5C3-49E8-A758-EF8E8C65F681} = {4A925250-CB80-4530-A60F-3F28037F13FD}
		{9D49B43D-AF6E-4685-A6AE-A4B70BC52000} = {B89D4B90-20BE-42B9-BEF5-00C9423B73A1}
		{CB53BC0E-9A72-4208-B1D0-75D6C60DAED3} = {B89D4B90-20BE-42B9-BEF5-00C9423B73A1}
		{DC826E1F-54DD-433E-896F-35F75EDE1B86} = {4A925250-CB80-4530-A60F-3F28037F13FD}
		{E27EBE0F-0D59-47F2-81CC-9AB425ED4B5F} = {B89D4B90-20BE-42B9-BEF5-00C9423B73A1}
		{966BDFCC-1FE6-4072-B786-35FE52CEE6F2} = {B89D4B90-20BE-42B9-BEF5-00C9423B73A1}
	EndGlobalSection
	GlobalSection(ExtensibilityGlobals) = postSolution
		SolutionGuid = {8ED04F5F-E0ED-4242-9DC7-CC6D6EF14892}
	EndGlobalSection
EndGlobal
